
Microsoft Visual Studio Solution File, Format Version 12.00
# Visual Studio Version 17
VisualStudioVersion = 17.11.35327.3
MinimumVisualStudioVersion = 10.0.40219.1
Project("{FAE04EC0-301F-11D3-BF4B-00C04F79EFBC}") = "HelpDevs", "HelpDevs.csproj", "{70D1A334-436A-4661-A8DC-1A46CEE6B416}"
EndProject
Global
	GlobalSection(SolutionConfigurationPlatforms) = preSolution
		Debug|Any CPU = Debug|Any CPU
		Release|Any CPU = Release|Any CPU
	EndGlobalSection
	GlobalSection(ProjectConfigurationPlatforms) = postSolution
		{70D1A334-436A-4661-A8DC-1A46CEE6B416}.Debug|Any CPU.ActiveCfg = Debug|Any CPU
		{70D1A334-436A-4661-A8DC-1A46CEE6B416}.Debug|Any CPU.Build.0 = Debug|Any CPU
		{70D1A334-436A-4661-A8DC-1A46CEE6B416}.Release|Any CPU.ActiveCfg = Release|Any CPU
		{70D1A334-436A-4661-A8DC-1A46CEE6B416}.Release|Any CPU.Build.0 = Release|Any CPU
	EndGlobalSection
	GlobalSection(SolutionProperties) = preSolution
		HideSolutionNode = FALSE
	EndGlobalSection
	GlobalSection(ExtensibilityGlobals) = postSolution
		SolutionGuid = {1FEC202F-0291-44A0-B968-291A88F8D0CD}
	EndGlobalSection
EndGlobal
